
Microsoft Visual Studio Solution File, Format Version 12.00
# Visual Studio Version 17
VisualStudioVersion = 17.0.31903.59
MinimumVisualStudioVersion = 10.0.40219.1
Project("{2150E333-8FDC-42A3-9474-1A3956D46DE8}") = "src", "src", "{E01EFDD6-571B-40FE-95F2-8301C3A95EEE}"
EndProject
Project("{FAE04EC0-301F-11D3-BF4B-00C04F79EFBC}") = "SimpleAPI", "src\SimpleAPI\SimpleAPI.csproj", "{6119F936-AEA1-46E7-BB5B-CBE9A92C7169}"
EndProject
Project("{2150E333-8FDC-42A3-9474-1A3956D46DE8}") = "test", "test", "{74AD3E07-5791-4A2B-BBBF-F5E04017FCE3}"
EndProject
Project("{FAE04EC0-301F-11D3-BF4B-00C04F79EFBC}") = "SimpleAPI.Tests", "test\SimpleAPI.Tests\SimpleAPI.Tests.csproj", "{463CC21C-7F3F-4A31-9CC4-85CB13015A33}"
EndProject
Global
	GlobalSection(SolutionConfigurationPlatforms) = preSolution
		Debug|Any CPU = Debug|Any CPU
		Release|Any CPU = Release|Any CPU
	EndGlobalSection
	GlobalSection(SolutionProperties) = preSolution
		HideSolutionNode = FALSE
	EndGlobalSection
	GlobalSection(ProjectConfigurationPlatforms) = postSolution
		{6119F936-AEA1-46E7-BB5B-CBE9A92C7169}.Debug|Any CPU.ActiveCfg = Debug|Any CPU
		{6119F936-AEA1-46E7-BB5B-CBE9A92C7169}.Debug|Any CPU.Build.0 = Debug|Any CPU
		{6119F936-AEA1-46E7-BB5B-CBE9A92C7169}.Release|Any CPU.ActiveCfg = Release|Any CPU
		{6119F936-AEA1-46E7-BB5B-CBE9A92C7169}.Release|Any CPU.Build.0 = Release|Any CPU
		{463CC21C-7F3F-4A31-9CC4-85CB13015A33}.Debug|Any CPU.ActiveCfg = Debug|Any CPU
		{463CC21C-7F3F-4A31-9CC4-85CB13015A33}.Debug|Any CPU.Build.0 = Debug|Any CPU
		{463CC21C-7F3F-4A31-9CC4-85CB13015A33}.Release|Any CPU.ActiveCfg = Release|Any CPU
		{463CC21C-7F3F-4A31-9CC4-85CB13015A33}.Release|Any CPU.Build.0 = Release|Any CPU
	EndGlobalSection
	GlobalSection(NestedProjects) = preSolution
		{6119F936-AEA1-46E7-BB5B-CBE9A92C7169} = {E01EFDD6-571B-40FE-95F2-8301C3A95EEE}
		{463CC21C-7F3F-4A31-9CC4-85CB13015A33} = {74AD3E07-5791-4A2B-BBBF-F5E04017FCE3}
	EndGlobalSection
EndGlobal
